
Microsoft Visual Studio Solution File, Format Version 12.00
# Visual Studio 2012
Project("{FAE04EC0-301F-11D3-BF4B-00C04F79EFBC}") = "SelectionSort", "SelectionSort.csproj", "{E8C05BCD-732B-49AC-87D2-60AB1067A0BF}"
EndProject
Global
	GlobalSection(SolutionConfigurationPlatforms) = preSolution
		Debug|x86 = Debug|x86
		Release|x86 = Release|x86
	EndGlobalSection
	GlobalSection(ProjectConfigurationPlatforms) = postSolution
		{E8C05BCD-732B-49AC-87D2-60AB1067A0BF}.Debug|x86.ActiveCfg = Debug|x86
		{E8C05BCD-732B-49AC-87D2-60AB1067A0BF}.Debug|x86.Build.0 = Debug|x86
		{E8C05BCD-732B-49AC-87D2-60AB1067A0BF}.Release|x86.ActiveCfg = Release|x86
		{E8C05BCD-732B-49AC-87D2-60AB1067A0BF}.Release|x86.Build.0 = Release|x86
	EndGlobalSection
EndGlobal
